
Microsoft Visual Studio Solution File, Format Version 12.00
# Visual Studio Version 16
VisualStudioVersion = 16.0.31025.194
MinimumVisualStudioVersion = 10.0.40219.1
Project("{9A19103F-16F7-4668-BE54-9A1E7A4F7556}") = "SnakesAndLadders.Domain", "SnakesAndLadders.Domain\SnakesAndLadders.Domain.csproj", "{510238C0-CFE6-4BD8-90F6-1AB9A6739276}"
EndProject
Project("{9A19103F-16F7-4668-BE54-9A1E7A4F7556}") = "SnakesAndLadders", "SnakesAndLadders\SnakesAndLadders.csproj", "{8BF3E8D4-C697-458E-BB33-2F1D197A412F}"
EndProject
Global
	GlobalSection(SolutionConfigurationPlatforms) = preSolution
		Debug|Any CPU = Debug|Any CPU
		Release|Any CPU = Release|Any CPU
	EndGlobalSection
	GlobalSection(ProjectConfigurationPlatforms) = postSolution
		{510238C0-CFE6-4BD8-90F6-1AB9A6739276}.Debug|Any CPU.ActiveCfg = Debug|Any CPU
		{510238C0-CFE6-4BD8-90F6-1AB9A6739276}.Debug|Any CPU.Build.0 = Debug|Any CPU
		{510238C0-CFE6-4BD8-90F6-1AB9A6739276}.Release|Any CPU.ActiveCfg = Release|Any CPU
		{510238C0-CFE6-4BD8-90F6-1AB9A6739276}.Release|Any CPU.Build.0 = Release|Any CPU
		{8BF3E8D4-C697-458E-BB33-2F1D197A412F}.Debug|Any CPU.ActiveCfg = Debug|Any CPU
		{8BF3E8D4-C697-458E-BB33-2F1D197A412F}.Debug|Any CPU.Build.0 = Debug|Any CPU
		{8BF3E8D4-C697-458E-BB33-2F1D197A412F}.Release|Any CPU.ActiveCfg = Release|Any CPU
		{8BF3E8D4-C697-458E-BB33-2F1D197A412F}.Release|Any CPU.Build.0 = Release|Any CPU
	EndGlobalSection
	GlobalSection(SolutionProperties) = preSolution
		HideSolutionNode = FALSE
	EndGlobalSection
	GlobalSection(ExtensibilityGlobals) = postSolution
		SolutionGuid = {0A281C40-57EB-42E3-BCC9-B787A7393367}
	EndGlobalSection
EndGlobal
